
Microsoft Visual Studio Solution File, Format Version 12.00
# Visual Studio Version 17
VisualStudioVersion = 17.11.35312.102
MinimumVisualStudioVersion = 10.0.40219.1
Project("{9A19103F-16F7-4668-BE54-9A1E7A4F7556}") = "Lesson1", "Lesson1\Lesson1.csproj", "{AF45CE55-4A41-4954-86B9-6412C787CBC5}"
EndProject
Project("{9A19103F-16F7-4668-BE54-9A1E7A4F7556}") = "RemainderOfDivision", "RemainderOfDivision\RemainderOfDivision.csproj", "{6B4B8726-6C2D-4756-880A-2F3AC0F97DAD}"
EndProject
Project("{9A19103F-16F7-4668-BE54-9A1E7A4F7556}") = "CopyingArray", "CopyingArray\CopyingArray.csproj", "{1C9669EC-82E6-4D15-B6BE-5A7A3AD5F8D7}"
EndProject
Project("{9A19103F-16F7-4668-BE54-9A1E7A4F7556}") = "FizzBuzz", "FizzBuzz\FizzBuzz.csproj", "{CB94734B-1994-4186-96CF-2529949CA619}"
EndProject
Project("{9A19103F-16F7-4668-BE54-9A1E7A4F7556}") = "MinAvg", "MinAvg\MinAvg.csproj", "{82AD2F60-0F32-4988-9C6C-897897E5BE9E}"
EndProject
Project("{9A19103F-16F7-4668-BE54-9A1E7A4F7556}") = "MonthDays", "MonthDays\MonthDays.csproj", "{9B1EC5F8-232C-410A-A8B1-E832F6503398}"
EndProject
Project("{9A19103F-16F7-4668-BE54-9A1E7A4F7556}") = "ReverseArray", "ReverseArray\ReverseArray.csproj", "{C2DC61AA-D950-48FC-91DD-636B8A60505A}"
EndProject
Project("{9A19103F-16F7-4668-BE54-9A1E7A4F7556}") = "TwoCars", "TwoCars\TwoCars.csproj", "{33A1CB91-9A26-4280-ADC3-3B86E8B06E7F}"
EndProject
Project("{9A19103F-16F7-4668-BE54-9A1E7A4F7556}") = "Utilities", "Utilities\Utilities.csproj", "{BDC66C60-36A7-455F-80E4-6DEEDD638879}"
EndProject
Project("{FAE04EC0-301F-11D3-BF4B-00C04F79EFBC}") = "Salary", "Salary\Salary.csproj", "{76EE9659-89AE-4C47-8CA1-FF783CD80D7D}"
EndProject
Project("{FAE04EC0-301F-11D3-BF4B-00C04F79EFBC}") = "DaysInMonth", "DaysInMonth\DaysInMonth.csproj", "{1AA291A9-8D63-4308-BD3A-A38C33F80DB6}"
EndProject
Global
	GlobalSection(SolutionConfigurationPlatforms) = preSolution
		Debug|Any CPU = Debug|Any CPU
		Release|Any CPU = Release|Any CPU
	EndGlobalSection
	GlobalSection(ProjectConfigurationPlatforms) = postSolution
		{AF45CE55-4A41-4954-86B9-6412C787CBC5}.Debug|Any CPU.ActiveCfg = Debug|Any CPU
		{AF45CE55-4A41-4954-86B9-6412C787CBC5}.Debug|Any CPU.Build.0 = Debug|Any CPU
		{AF45CE55-4A41-4954-86B9-6412C787CBC5}.Release|Any CPU.ActiveCfg = Release|Any CPU
		{AF45CE55-4A41-4954-86B9-6412C787CBC5}.Release|Any CPU.Build.0 = Release|Any CPU
		{6B4B8726-6C2D-4756-880A-2F3AC0F97DAD}.Debug|Any CPU.ActiveCfg = Debug|Any CPU
		{6B4B8726-6C2D-4756-880A-2F3AC0F97DAD}.Debug|Any CPU.Build.0 = Debug|Any CPU
		{6B4B8726-6C2D-4756-880A-2F3AC0F97DAD}.Release|Any CPU.ActiveCfg = Release|Any CPU
		{6B4B8726-6C2D-4756-880A-2F3AC0F97DAD}.Release|Any CPU.Build.0 = Release|Any CPU
		{1C9669EC-82E6-4D15-B6BE-5A7A3AD5F8D7}.Debug|Any CPU.ActiveCfg = Debug|Any CPU
		{1C9669EC-82E6-4D15-B6BE-5A7A3AD5F8D7}.Debug|Any CPU.Build.0 = Debug|Any CPU
		{1C9669EC-82E6-4D15-B6BE-5A7A3AD5F8D7}.Release|Any CPU.ActiveCfg = Release|Any CPU
		{1C9669EC-82E6-4D15-B6BE-5A7A3AD5F8D7}.Release|Any CPU.Build.0 = Release|Any CPU
		{CB94734B-1994-4186-96CF-2529949CA619}.Debug|Any CPU.ActiveCfg = Debug|Any CPU
		{CB94734B-1994-4186-96CF-2529949CA619}.Debug|Any CPU.Build.0 = Debug|Any CPU
		{CB94734B-1994-4186-96CF-2529949CA619}.Release|Any CPU.ActiveCfg = Release|Any CPU
		{CB94734B-1994-4186-96CF-2529949CA619}.Release|Any CPU.Build.0 = Release|Any CPU
		{82AD2F60-0F32-4988-9C6C-897897E5BE9E}.Debug|Any CPU.ActiveCfg = Debug|Any CPU
		{82AD2F60-0F32-4988-9C6C-897897E5BE9E}.Debug|Any CPU.Build.0 = Debug|Any CPU
		{82AD2F60-0F32-4988-9C6C-897897E5BE9E}.Release|Any CPU.ActiveCfg = Release|Any CPU
		{82AD2F60-0F32-4988-9C6C-897897E5BE9E}.Release|Any CPU.Build.0 = Release|Any CPU
		{9B1EC5F8-232C-410A-A8B1-E832F6503398}.Debug|Any CPU.ActiveCfg = Debug|Any CPU
		{9B1EC5F8-232C-410A-A8B1-E832F6503398}.Debug|Any CPU.Build.0 = Debug|Any CPU
		{9B1EC5F8-232C-410A-A8B1-E832F6503398}.Release|Any CPU.ActiveCfg = Release|Any CPU
		{9B1EC5F8-232C-410A-A8B1-E832F6503398}.Release|Any CPU.Build.0 = Release|Any CPU
		{C2DC61AA-D950-48FC-91DD-636B8A60505A}.Debug|Any CPU.ActiveCfg = Debug|Any CPU
		{C2DC61AA-D950-48FC-91DD-636B8A60505A}.Debug|Any CPU.Build.0 = Debug|Any CPU
		{C2DC61AA-D950-48FC-91DD-636B8A60505A}.Release|Any CPU.ActiveCfg = Release|Any CPU
		{C2DC61AA-D950-48FC-91DD-636B8A60505A}.Release|Any CPU.Build.0 = Release|Any CPU
		{33A1CB91-9A26-4280-ADC3-3B86E8B06E7F}.Debug|Any CPU.ActiveCfg = Debug|Any CPU
		{33A1CB91-9A26-4280-ADC3-3B86E8B06E7F}.Debug|Any CPU.Build.0 = Debug|Any CPU
		{33A1CB91-9A26-4280-ADC3-3B86E8B06E7F}.Release|Any CPU.ActiveCfg = Release|Any CPU
		{33A1CB91-9A26-4280-ADC3-3B86E8B06E7F}.Release|Any CPU.Build.0 = Release|Any CPU
		{BDC66C60-36A7-455F-80E4-6DEEDD638879}.Debug|Any CPU.ActiveCfg = Debug|Any CPU
		{BDC66C60-36A7-455F-80E4-6DEEDD638879}.Debug|Any CPU.Build.0 = Debug|Any CPU
		{BDC66C60-36A7-455F-80E4-6DEEDD638879}.Release|Any CPU.ActiveCfg = Release|Any CPU
		{BDC66C60-36A7-455F-80E4-6DEEDD638879}.Release|Any CPU.Build.0 = Release|Any CPU
		{76EE9659-89AE-4C47-8CA1-FF783CD80D7D}.Debug|Any CPU.ActiveCfg = Debug|Any CPU
		{76EE9659-89AE-4C47-8CA1-FF783CD80D7D}.Debug|Any CPU.Build.0 = Debug|Any CPU
		{76EE9659-89AE-4C47-8CA1-FF783CD80D7D}.Release|Any CPU.ActiveCfg = Release|Any CPU
		{76EE9659-89AE-4C47-8CA1-FF783CD80D7D}.Release|Any CPU.Build.0 = Release|Any CPU
		{1AA291A9-8D63-4308-BD3A-A38C33F80DB6}.Debug|Any CPU.ActiveCfg = Debug|Any CPU
		{1AA291A9-8D63-4308-BD3A-A38C33F80DB6}.Debug|Any CPU.Build.0 = Debug|Any CPU
		{1AA291A9-8D63-4308-BD3A-A38C33F80DB6}.Release|Any CPU.ActiveCfg = Release|Any CPU
		{1AA291A9-8D63-4308-BD3A-A38C33F80DB6}.Release|Any CPU.Build.0 = Release|Any CPU
	EndGlobalSection
	GlobalSection(SolutionProperties) = preSolution
		HideSolutionNode = FALSE
	EndGlobalSection
	GlobalSection(ExtensibilityGlobals) = postSolution
		SolutionGuid = {571A439C-0AA4-42D9-A1F1-224CD22C56EF}
	EndGlobalSection
EndGlobal
